
Microsoft Visual Studio Solution File, Format Version 12.00
# Visual Studio Version 16
VisualStudioVersion = 16.0.31229.75
MinimumVisualStudioVersion = 10.0.40219.1
Project("{FAE04EC0-301F-11D3-BF4B-00C04F79EFBC}") = "Task", "Task\Task.csproj", "{2E4E92E9-8A64-47FD-8426-3291E7F7DAAB}"
EndProject
Global
	GlobalSection(SolutionConfigurationPlatforms) = preSolution
		Debug|Any CPU = Debug|Any CPU
		Release|Any CPU = Release|Any CPU
	EndGlobalSection
	GlobalSection(ProjectConfigurationPlatforms) = postSolution
		{2E4E92E9-8A64-47FD-8426-3291E7F7DAAB}.Debug|Any CPU.ActiveCfg = Debug|Any CPU
		{2E4E92E9-8A64-47FD-8426-3291E7F7DAAB}.Debug|Any CPU.Build.0 = Debug|Any CPU
		{2E4E92E9-8A64-47FD-8426-3291E7F7DAAB}.Release|Any CPU.ActiveCfg = Release|Any CPU
		{2E4E92E9-8A64-47FD-8426-3291E7F7DAAB}.Release|Any CPU.Build.0 = Release|Any CPU
	EndGlobalSection
	GlobalSection(SolutionProperties) = preSolution
		HideSolutionNode = FALSE
	EndGlobalSection
	GlobalSection(ExtensibilityGlobals) = postSolution
		SolutionGuid = {6B4E05F5-77B3-4636-B2E2-25C87CBA0373}
	EndGlobalSection
EndGlobal
