
Microsoft Visual Studio Solution File, Format Version 12.00
# Visual Studio Version 16
VisualStudioVersion = 16.0.31702.278
MinimumVisualStudioVersion = 10.0.40219.1
Project("{8BC9CEB8-8B4A-11D0-8D11-00A0C91BC942}") = "SW2", "SW2.vcxproj", "{99678A9B-18F4-4A61-A5E3-9A1B52E989B9}"
EndProject
Project("{8BC9CEB8-8B4A-11D0-8D11-00A0C91BC942}") = "T2", "T2\T2.vcxproj", "{8AE2B88B-3D2A-406B-9FEA-D732AF0FBADD}"
EndProject
Project("{8BC9CEB8-8B4A-11D0-8D11-00A0C91BC942}") = "T1Extra", "T1Extra\T1Extra.vcxproj", "{3BD6A044-2F2D-4E7D-BF20-DC3F37E96001}"
EndProject
Project("{8BC9CEB8-8B4A-11D0-8D11-00A0C91BC942}") = "T3", "T3\T3.vcxproj", "{ECB1E1F4-C2B4-4DFF-BFD4-4CD4A1756013}"
EndProject
Project("{8BC9CEB8-8B4A-11D0-8D11-00A0C91BC942}") = "T4", "T4\T4.vcxproj", "{55225B5A-6532-4CC7-BFE1-BFB65D38DBE3}"
EndProject
Project("{8BC9CEB8-8B4A-11D0-8D11-00A0C91BC942}") = "T5", "T5\T5.vcxproj", "{02854A2B-0E5A-4D8C-9E9D-17500A9FCA17}"
EndProject
Global
	GlobalSection(SolutionConfigurationPlatforms) = preSolution
		Debug|x64 = Debug|x64
		Debug|x86 = Debug|x86
		Release|x64 = Release|x64
		Release|x86 = Release|x86
	EndGlobalSection
	GlobalSection(ProjectConfigurationPlatforms) = postSolution
		{99678A9B-18F4-4A61-A5E3-9A1B52E989B9}.Debug|x64.ActiveCfg = Debug|x64
		{99678A9B-18F4-4A61-A5E3-9A1B52E989B9}.Debug|x64.Build.0 = Debug|x64
		{99678A9B-18F4-4A61-A5E3-9A1B52E989B9}.Debug|x86.ActiveCfg = Debug|Win32
		{99678A9B-18F4-4A61-A5E3-9A1B52E989B9}.Debug|x86.Build.0 = Debug|Win32
		{99678A9B-18F4-4A61-A5E3-9A1B52E989B9}.Release|x64.ActiveCfg = Release|x64
		{99678A9B-18F4-4A61-A5E3-9A1B52E989B9}.Release|x64.Build.0 = Release|x64
		{99678A9B-18F4-4A61-A5E3-9A1B52E989B9}.Release|x86.ActiveCfg = Release|Win32
		{99678A9B-18F4-4A61-A5E3-9A1B52E989B9}.Release|x86.Build.0 = Release|Win32
		{8AE2B88B-3D2A-406B-9FEA-D732AF0FBADD}.Debug|x64.ActiveCfg = Debug|x64
		{8AE2B88B-3D2A-406B-9FEA-D732AF0FBADD}.Debug|x64.Build.0 = Debug|x64
		{8AE2B88B-3D2A-406B-9FEA-D732AF0FBADD}.Debug|x86.ActiveCfg = Debug|Win32
		{8AE2B88B-3D2A-406B-9FEA-D732AF0FBADD}.Debug|x86.Build.0 = Debug|Win32
		{8AE2B88B-3D2A-406B-9FEA-D732AF0FBADD}.Release|x64.ActiveCfg = Release|x64
		{8AE2B88B-3D2A-406B-9FEA-D732AF0FBADD}.Release|x64.Build.0 = Release|x64
		{8AE2B88B-3D2A-406B-9FEA-D732AF0FBADD}.Release|x86.ActiveCfg = Release|Win32
		{8AE2B88B-3D2A-406B-9FEA-D732AF0FBADD}.Release|x86.Build.0 = Release|Win32
		{3BD6A044-2F2D-4E7D-BF20-DC3F37E96001}.Debug|x64.ActiveCfg = Debug|x64
		{3BD6A044-2F2D-4E7D-BF20-DC3F37E96001}.Debug|x64.Build.0 = Debug|x64
		{3BD6A044-2F2D-4E7D-BF20-DC3F37E96001}.Debug|x86.ActiveCfg = Debug|Win32
		{3BD6A044-2F2D-4E7D-BF20-DC3F37E96001}.Debug|x86.Build.0 = Debug|Win32
		{3BD6A044-2F2D-4E7D-BF20-DC3F37E96001}.Release|x64.ActiveCfg = Release|x64
		{3BD6A044-2F2D-4E7D-BF20-DC3F37E96001}.Release|x64.Build.0 = Release|x64
		{3BD6A044-2F2D-4E7D-BF20-DC3F37E96001}.Release|x86.ActiveCfg = Release|Win32
		{3BD6A044-2F2D-4E7D-BF20-DC3F37E96001}.Release|x86.Build.0 = Release|Win32
		{ECB1E1F4-C2B4-4DFF-BFD4-4CD4A1756013}.Debug|x64.ActiveCfg = Debug|x64
		{ECB1E1F4-C2B4-4DFF-BFD4-4CD4A1756013}.Debug|x64.Build.0 = Debug|x64
		{ECB1E1F4-C2B4-4DFF-BFD4-4CD4A1756013}.Debug|x86.ActiveCfg = Debug|Win32
		{ECB1E1F4-C2B4-4DFF-BFD4-4CD4A1756013}.Debug|x86.Build.0 = Debug|Win32
		{ECB1E1F4-C2B4-4DFF-BFD4-4CD4A1756013}.Release|x64.ActiveCfg = Release|x64
		{ECB1E1F4-C2B4-4DFF-BFD4-4CD4A1756013}.Release|x64.Build.0 = Release|x64
		{ECB1E1F4-C2B4-4DFF-BFD4-4CD4A1756013}.Release|x86.ActiveCfg = Release|Win32
		{ECB1E1F4-C2B4-4DFF-BFD4-4CD4A1756013}.Release|x86.Build.0 = Release|Win32
		{55225B5A-6532-4CC7-BFE1-BFB65D38DBE3}.Debug|x64.ActiveCfg = Debug|x64
		{55225B5A-6532-4CC7-BFE1-BFB65D38DBE3}.Debug|x64.Build.0 = Debug|x64
		{55225B5A-6532-4CC7-BFE1-BFB65D38DBE3}.Debug|x86.ActiveCfg = Debug|Win32
		{55225B5A-6532-4CC7-BFE1-BFB65D38DBE3}.Debug|x86.Build.0 = Debug|Win32
		{55225B5A-6532-4CC7-BFE1-BFB65D38DBE3}.Release|x64.ActiveCfg = Release|x64
		{55225B5A-6532-4CC7-BFE1-BFB65D38DBE3}.Release|x64.Build.0 = Release|x64
		{55225B5A-6532-4CC7-BFE1-BFB65D38DBE3}.Release|x86.ActiveCfg = Release|Win32
		{55225B5A-6532-4CC7-BFE1-BFB65D38DBE3}.Release|x86.Build.0 = Release|Win32
		{02854A2B-0E5A-4D8C-9E9D-17500A9FCA17}.Debug|x64.ActiveCfg = Debug|x64
		{02854A2B-0E5A-4D8C-9E9D-17500A9FCA17}.Debug|x64.Build.0 = Debug|x64
		{02854A2B-0E5A-4D8C-9E9D-17500A9FCA17}.Debug|x86.ActiveCfg = Debug|Win32
		{02854A2B-0E5A-4D8C-9E9D-17500A9FCA17}.Debug|x86.Build.0 = Debug|Win32
		{02854A2B-0E5A-4D8C-9E9D-17500A9FCA17}.Release|x64.ActiveCfg = Release|x64
		{02854A2B-0E5A-4D8C-9E9D-17500A9FCA17}.Release|x64.Build.0 = Release|x64
		{02854A2B-0E5A-4D8C-9E9D-17500A9FCA17}.Release|x86.ActiveCfg = Release|Win32
		{02854A2B-0E5A-4D8C-9E9D-17500A9FCA17}.Release|x86.Build.0 = Release|Win32
	EndGlobalSection
	GlobalSection(SolutionProperties) = preSolution
		HideSolutionNode = FALSE
	EndGlobalSection
	GlobalSection(ExtensibilityGlobals) = postSolution
		SolutionGuid = {D808FEDB-433E-40DC-AA5B-907DBF4B42D0}
	EndGlobalSection
EndGlobal
