
Microsoft Visual Studio Solution File, Format Version 12.00
# Visual Studio Version 16
VisualStudioVersion = 16.0.31624.102
MinimumVisualStudioVersion = 10.0.40219.1
Project("{8BC9CEB8-8B4A-11D0-8D11-00A0C91BC942}") = "samost", "samost.vcxproj", "{86516073-D979-455B-A328-F43413E45977}"
EndProject
Global
	GlobalSection(SolutionConfigurationPlatforms) = preSolution
		Debug|x64 = Debug|x64
		Debug|x86 = Debug|x86
		Release|x64 = Release|x64
		Release|x86 = Release|x86
	EndGlobalSection
	GlobalSection(ProjectConfigurationPlatforms) = postSolution
		{86516073-D979-455B-A328-F43413E45977}.Debug|x64.ActiveCfg = Debug|x64
		{86516073-D979-455B-A328-F43413E45977}.Debug|x64.Build.0 = Debug|x64
		{86516073-D979-455B-A328-F43413E45977}.Debug|x86.ActiveCfg = Debug|Win32
		{86516073-D979-455B-A328-F43413E45977}.Debug|x86.Build.0 = Debug|Win32
		{86516073-D979-455B-A328-F43413E45977}.Release|x64.ActiveCfg = Release|x64
		{86516073-D979-455B-A328-F43413E45977}.Release|x64.Build.0 = Release|x64
		{86516073-D979-455B-A328-F43413E45977}.Release|x86.ActiveCfg = Release|Win32
		{86516073-D979-455B-A328-F43413E45977}.Release|x86.Build.0 = Release|Win32
	EndGlobalSection
	GlobalSection(SolutionProperties) = preSolution
		HideSolutionNode = FALSE
	EndGlobalSection
	GlobalSection(ExtensibilityGlobals) = postSolution
		SolutionGuid = {17510731-0B1C-4B1C-BBF1-FAF60672BFE1}
	EndGlobalSection
EndGlobal
