
Microsoft Visual Studio Solution File, Format Version 12.00
# Visual Studio Version 16
VisualStudioVersion = 16.0.31624.102
MinimumVisualStudioVersion = 10.0.40219.1
Project("{8BC9CEB8-8B4A-11D0-8D11-00A0C91BC942}") = "ConsoleApplication1", "ConsoleApplication1\ConsoleApplication1.vcxproj", "{4AC5B131-B2B9-481D-BA98-EECDB64311CA}"
EndProject
Global
	GlobalSection(SolutionConfigurationPlatforms) = preSolution
		Debug|x64 = Debug|x64
		Debug|x86 = Debug|x86
		Release|x64 = Release|x64
		Release|x86 = Release|x86
	EndGlobalSection
	GlobalSection(ProjectConfigurationPlatforms) = postSolution
		{4AC5B131-B2B9-481D-BA98-EECDB64311CA}.Debug|x64.ActiveCfg = Debug|x64
		{4AC5B131-B2B9-481D-BA98-EECDB64311CA}.Debug|x64.Build.0 = Debug|x64
		{4AC5B131-B2B9-481D-BA98-EECDB64311CA}.Debug|x86.ActiveCfg = Debug|Win32
		{4AC5B131-B2B9-481D-BA98-EECDB64311CA}.Debug|x86.Build.0 = Debug|Win32
		{4AC5B131-B2B9-481D-BA98-EECDB64311CA}.Release|x64.ActiveCfg = Release|x64
		{4AC5B131-B2B9-481D-BA98-EECDB64311CA}.Release|x64.Build.0 = Release|x64
		{4AC5B131-B2B9-481D-BA98-EECDB64311CA}.Release|x86.ActiveCfg = Release|Win32
		{4AC5B131-B2B9-481D-BA98-EECDB64311CA}.Release|x86.Build.0 = Release|Win32
	EndGlobalSection
	GlobalSection(SolutionProperties) = preSolution
		HideSolutionNode = FALSE
	EndGlobalSection
	GlobalSection(ExtensibilityGlobals) = postSolution
		SolutionGuid = {1CEB3B34-BD65-46C4-AAA9-4063F371BD50}
	EndGlobalSection
EndGlobal
