
Microsoft Visual Studio Solution File, Format Version 12.00
# Visual Studio Version 16
VisualStudioVersion = 16.0.31624.102
MinimumVisualStudioVersion = 10.0.40219.1
Project("{8BC9CEB8-8B4A-11D0-8D11-00A0C91BC942}") = "soufleratask4", "soufleratask4.vcxproj", "{393937F7-87F9-480E-8A56-8ADDBD114608}"
EndProject
Global
	GlobalSection(SolutionConfigurationPlatforms) = preSolution
		Debug|x64 = Debug|x64
		Debug|x86 = Debug|x86
		Release|x64 = Release|x64
		Release|x86 = Release|x86
	EndGlobalSection
	GlobalSection(ProjectConfigurationPlatforms) = postSolution
		{393937F7-87F9-480E-8A56-8ADDBD114608}.Debug|x64.ActiveCfg = Debug|x64
		{393937F7-87F9-480E-8A56-8ADDBD114608}.Debug|x64.Build.0 = Debug|x64
		{393937F7-87F9-480E-8A56-8ADDBD114608}.Debug|x86.ActiveCfg = Debug|Win32
		{393937F7-87F9-480E-8A56-8ADDBD114608}.Debug|x86.Build.0 = Debug|Win32
		{393937F7-87F9-480E-8A56-8ADDBD114608}.Release|x64.ActiveCfg = Release|x64
		{393937F7-87F9-480E-8A56-8ADDBD114608}.Release|x64.Build.0 = Release|x64
		{393937F7-87F9-480E-8A56-8ADDBD114608}.Release|x86.ActiveCfg = Release|Win32
		{393937F7-87F9-480E-8A56-8ADDBD114608}.Release|x86.Build.0 = Release|Win32
	EndGlobalSection
	GlobalSection(SolutionProperties) = preSolution
		HideSolutionNode = FALSE
	EndGlobalSection
	GlobalSection(ExtensibilityGlobals) = postSolution
		SolutionGuid = {FDD94572-DF57-4D38-B0C2-12F24401740E}
	EndGlobalSection
EndGlobal
