
Microsoft Visual Studio Solution File, Format Version 12.00
# Visual Studio Version 16
VisualStudioVersion = 16.0.31702.278
MinimumVisualStudioVersion = 10.0.40219.1
Project("{8BC9CEB8-8B4A-11D0-8D11-00A0C91BC942}") = "SW1_4", "SW1_4\SW1_4.vcxproj", "{7CE589D6-AF86-4133-9F14-0A0BC9E0F16B}"
EndProject
Global
	GlobalSection(SolutionConfigurationPlatforms) = preSolution
		Debug|x64 = Debug|x64
		Debug|x86 = Debug|x86
		Release|x64 = Release|x64
		Release|x86 = Release|x86
	EndGlobalSection
	GlobalSection(ProjectConfigurationPlatforms) = postSolution
		{7CE589D6-AF86-4133-9F14-0A0BC9E0F16B}.Debug|x64.ActiveCfg = Debug|x64
		{7CE589D6-AF86-4133-9F14-0A0BC9E0F16B}.Debug|x64.Build.0 = Debug|x64
		{7CE589D6-AF86-4133-9F14-0A0BC9E0F16B}.Debug|x86.ActiveCfg = Debug|Win32
		{7CE589D6-AF86-4133-9F14-0A0BC9E0F16B}.Debug|x86.Build.0 = Debug|Win32
		{7CE589D6-AF86-4133-9F14-0A0BC9E0F16B}.Release|x64.ActiveCfg = Release|x64
		{7CE589D6-AF86-4133-9F14-0A0BC9E0F16B}.Release|x64.Build.0 = Release|x64
		{7CE589D6-AF86-4133-9F14-0A0BC9E0F16B}.Release|x86.ActiveCfg = Release|Win32
		{7CE589D6-AF86-4133-9F14-0A0BC9E0F16B}.Release|x86.Build.0 = Release|Win32
	EndGlobalSection
	GlobalSection(SolutionProperties) = preSolution
		HideSolutionNode = FALSE
	EndGlobalSection
	GlobalSection(ExtensibilityGlobals) = postSolution
		SolutionGuid = {E0E1BB92-351C-4B17-8D97-928E9096D236}
	EndGlobalSection
EndGlobal
