
Microsoft Visual Studio Solution File, Format Version 12.00
# Visual Studio Version 16
VisualStudioVersion = 16.0.31624.102
MinimumVisualStudioVersion = 10.0.40219.1
Project("{8BC9CEB8-8B4A-11D0-8D11-00A0C91BC942}") = "Задание 4", "Задание 4\Задание 4.vcxproj", "{F407BA8C-4A44-4FCC-BAF2-6470D45AF3D4}"
EndProject
Global
	GlobalSection(SolutionConfigurationPlatforms) = preSolution
		Debug|x64 = Debug|x64
		Debug|x86 = Debug|x86
		Release|x64 = Release|x64
		Release|x86 = Release|x86
	EndGlobalSection
	GlobalSection(ProjectConfigurationPlatforms) = postSolution
		{F407BA8C-4A44-4FCC-BAF2-6470D45AF3D4}.Debug|x64.ActiveCfg = Debug|x64
		{F407BA8C-4A44-4FCC-BAF2-6470D45AF3D4}.Debug|x64.Build.0 = Debug|x64
		{F407BA8C-4A44-4FCC-BAF2-6470D45AF3D4}.Debug|x86.ActiveCfg = Debug|Win32
		{F407BA8C-4A44-4FCC-BAF2-6470D45AF3D4}.Debug|x86.Build.0 = Debug|Win32
		{F407BA8C-4A44-4FCC-BAF2-6470D45AF3D4}.Release|x64.ActiveCfg = Release|x64
		{F407BA8C-4A44-4FCC-BAF2-6470D45AF3D4}.Release|x64.Build.0 = Release|x64
		{F407BA8C-4A44-4FCC-BAF2-6470D45AF3D4}.Release|x86.ActiveCfg = Release|Win32
		{F407BA8C-4A44-4FCC-BAF2-6470D45AF3D4}.Release|x86.Build.0 = Release|Win32
	EndGlobalSection
	GlobalSection(SolutionProperties) = preSolution
		HideSolutionNode = FALSE
	EndGlobalSection
	GlobalSection(ExtensibilityGlobals) = postSolution
		SolutionGuid = {682FD960-397F-4801-9E3F-42A7DBCE9CF4}
	EndGlobalSection
EndGlobal
