
Microsoft Visual Studio Solution File, Format Version 12.00
# Visual Studio Version 16
VisualStudioVersion = 16.0.31624.102
MinimumVisualStudioVersion = 10.0.40219.1
Project("{8BC9CEB8-8B4A-11D0-8D11-00A0C91BC942}") = "soufleratask5", "soufleratask5.vcxproj", "{724ADFB6-F340-4641-A728-45E031BF8717}"
EndProject
Global
	GlobalSection(SolutionConfigurationPlatforms) = preSolution
		Debug|x64 = Debug|x64
		Debug|x86 = Debug|x86
		Release|x64 = Release|x64
		Release|x86 = Release|x86
	EndGlobalSection
	GlobalSection(ProjectConfigurationPlatforms) = postSolution
		{724ADFB6-F340-4641-A728-45E031BF8717}.Debug|x64.ActiveCfg = Debug|x64
		{724ADFB6-F340-4641-A728-45E031BF8717}.Debug|x64.Build.0 = Debug|x64
		{724ADFB6-F340-4641-A728-45E031BF8717}.Debug|x86.ActiveCfg = Debug|Win32
		{724ADFB6-F340-4641-A728-45E031BF8717}.Debug|x86.Build.0 = Debug|Win32
		{724ADFB6-F340-4641-A728-45E031BF8717}.Release|x64.ActiveCfg = Release|x64
		{724ADFB6-F340-4641-A728-45E031BF8717}.Release|x64.Build.0 = Release|x64
		{724ADFB6-F340-4641-A728-45E031BF8717}.Release|x86.ActiveCfg = Release|Win32
		{724ADFB6-F340-4641-A728-45E031BF8717}.Release|x86.Build.0 = Release|Win32
	EndGlobalSection
	GlobalSection(SolutionProperties) = preSolution
		HideSolutionNode = FALSE
	EndGlobalSection
	GlobalSection(ExtensibilityGlobals) = postSolution
		SolutionGuid = {F8338180-F7BC-401C-BB1D-57CB1FC3C242}
	EndGlobalSection
EndGlobal
