
Microsoft Visual Studio Solution File, Format Version 12.00
# Visual Studio Version 16
VisualStudioVersion = 16.0.31624.102
MinimumVisualStudioVersion = 10.0.40219.1
Project("{8BC9CEB8-8B4A-11D0-8D11-00A0C91BC942}") = "Samost№2Task1", "Samost№2Task1\Samost№2Task1.vcxproj", "{C908B389-3385-4751-B2C6-312C5F3F0B27}"
EndProject
Global
	GlobalSection(SolutionConfigurationPlatforms) = preSolution
		Debug|x64 = Debug|x64
		Debug|x86 = Debug|x86
		Release|x64 = Release|x64
		Release|x86 = Release|x86
	EndGlobalSection
	GlobalSection(ProjectConfigurationPlatforms) = postSolution
		{C908B389-3385-4751-B2C6-312C5F3F0B27}.Debug|x64.ActiveCfg = Debug|x64
		{C908B389-3385-4751-B2C6-312C5F3F0B27}.Debug|x64.Build.0 = Debug|x64
		{C908B389-3385-4751-B2C6-312C5F3F0B27}.Debug|x86.ActiveCfg = Debug|Win32
		{C908B389-3385-4751-B2C6-312C5F3F0B27}.Debug|x86.Build.0 = Debug|Win32
		{C908B389-3385-4751-B2C6-312C5F3F0B27}.Release|x64.ActiveCfg = Release|x64
		{C908B389-3385-4751-B2C6-312C5F3F0B27}.Release|x64.Build.0 = Release|x64
		{C908B389-3385-4751-B2C6-312C5F3F0B27}.Release|x86.ActiveCfg = Release|Win32
		{C908B389-3385-4751-B2C6-312C5F3F0B27}.Release|x86.Build.0 = Release|Win32
	EndGlobalSection
	GlobalSection(SolutionProperties) = preSolution
		HideSolutionNode = FALSE
	EndGlobalSection
	GlobalSection(ExtensibilityGlobals) = postSolution
		SolutionGuid = {85D39E21-3A75-4E3C-82B4-2630A82DC057}
	EndGlobalSection
EndGlobal
