
Microsoft Visual Studio Solution File, Format Version 12.00
# Visual Studio Version 16
VisualStudioVersion = 16.0.31729.503
MinimumVisualStudioVersion = 10.0.40219.1
Project("{8BC9CEB8-8B4A-11D0-8D11-00A0C91BC942}") = "Задание 5", "Задание 5\Задание 5.vcxproj", "{7B7FA421-C5C3-4C6F-9AE1-0D4C1E650103}"
EndProject
Global
	GlobalSection(SolutionConfigurationPlatforms) = preSolution
		Debug|x64 = Debug|x64
		Debug|x86 = Debug|x86
		Release|x64 = Release|x64
		Release|x86 = Release|x86
	EndGlobalSection
	GlobalSection(ProjectConfigurationPlatforms) = postSolution
		{7B7FA421-C5C3-4C6F-9AE1-0D4C1E650103}.Debug|x64.ActiveCfg = Debug|x64
		{7B7FA421-C5C3-4C6F-9AE1-0D4C1E650103}.Debug|x64.Build.0 = Debug|x64
		{7B7FA421-C5C3-4C6F-9AE1-0D4C1E650103}.Debug|x86.ActiveCfg = Debug|Win32
		{7B7FA421-C5C3-4C6F-9AE1-0D4C1E650103}.Debug|x86.Build.0 = Debug|Win32
		{7B7FA421-C5C3-4C6F-9AE1-0D4C1E650103}.Release|x64.ActiveCfg = Release|x64
		{7B7FA421-C5C3-4C6F-9AE1-0D4C1E650103}.Release|x64.Build.0 = Release|x64
		{7B7FA421-C5C3-4C6F-9AE1-0D4C1E650103}.Release|x86.ActiveCfg = Release|Win32
		{7B7FA421-C5C3-4C6F-9AE1-0D4C1E650103}.Release|x86.Build.0 = Release|Win32
	EndGlobalSection
	GlobalSection(SolutionProperties) = preSolution
		HideSolutionNode = FALSE
	EndGlobalSection
	GlobalSection(ExtensibilityGlobals) = postSolution
		SolutionGuid = {616CFAB0-3631-494A-A51C-6958AD2DDFBC}
	EndGlobalSection
EndGlobal
