
Microsoft Visual Studio Solution File, Format Version 12.00
# Visual Studio Version 16
VisualStudioVersion = 16.0.31624.102
MinimumVisualStudioVersion = 10.0.40219.1
Project("{8BC9CEB8-8B4A-11D0-8D11-00A0C91BC942}") = "SamRab 1.2", "SamRab 1.2\SamRab 1.2.vcxproj", "{EBD2BBB6-4688-4E2C-8286-999DBDA7B572}"
EndProject
Global
	GlobalSection(SolutionConfigurationPlatforms) = preSolution
		Debug|x64 = Debug|x64
		Debug|x86 = Debug|x86
		Release|x64 = Release|x64
		Release|x86 = Release|x86
	EndGlobalSection
	GlobalSection(ProjectConfigurationPlatforms) = postSolution
		{EBD2BBB6-4688-4E2C-8286-999DBDA7B572}.Debug|x64.ActiveCfg = Debug|x64
		{EBD2BBB6-4688-4E2C-8286-999DBDA7B572}.Debug|x64.Build.0 = Debug|x64
		{EBD2BBB6-4688-4E2C-8286-999DBDA7B572}.Debug|x86.ActiveCfg = Debug|Win32
		{EBD2BBB6-4688-4E2C-8286-999DBDA7B572}.Debug|x86.Build.0 = Debug|Win32
		{EBD2BBB6-4688-4E2C-8286-999DBDA7B572}.Release|x64.ActiveCfg = Release|x64
		{EBD2BBB6-4688-4E2C-8286-999DBDA7B572}.Release|x64.Build.0 = Release|x64
		{EBD2BBB6-4688-4E2C-8286-999DBDA7B572}.Release|x86.ActiveCfg = Release|Win32
		{EBD2BBB6-4688-4E2C-8286-999DBDA7B572}.Release|x86.Build.0 = Release|Win32
	EndGlobalSection
	GlobalSection(SolutionProperties) = preSolution
		HideSolutionNode = FALSE
	EndGlobalSection
	GlobalSection(ExtensibilityGlobals) = postSolution
		SolutionGuid = {1F66FBE8-3F2D-4FA2-AB6C-80912A85D151}
	EndGlobalSection
EndGlobal
