
Microsoft Visual Studio Solution File, Format Version 12.00
# Visual Studio Version 16
VisualStudioVersion = 16.0.31702.278
MinimumVisualStudioVersion = 10.0.40219.1
Project("{8BC9CEB8-8B4A-11D0-8D11-00A0C91BC942}") = "Project4", "Project4\Project4.vcxproj", "{35AD38F2-2A61-494F-B209-EDF880328136}"
EndProject
Global
	GlobalSection(SolutionConfigurationPlatforms) = preSolution
		Debug|x64 = Debug|x64
		Debug|x86 = Debug|x86
		Release|x64 = Release|x64
		Release|x86 = Release|x86
	EndGlobalSection
	GlobalSection(ProjectConfigurationPlatforms) = postSolution
		{35AD38F2-2A61-494F-B209-EDF880328136}.Debug|x64.ActiveCfg = Debug|x64
		{35AD38F2-2A61-494F-B209-EDF880328136}.Debug|x64.Build.0 = Debug|x64
		{35AD38F2-2A61-494F-B209-EDF880328136}.Debug|x86.ActiveCfg = Debug|Win32
		{35AD38F2-2A61-494F-B209-EDF880328136}.Debug|x86.Build.0 = Debug|Win32
		{35AD38F2-2A61-494F-B209-EDF880328136}.Release|x64.ActiveCfg = Release|x64
		{35AD38F2-2A61-494F-B209-EDF880328136}.Release|x64.Build.0 = Release|x64
		{35AD38F2-2A61-494F-B209-EDF880328136}.Release|x86.ActiveCfg = Release|Win32
		{35AD38F2-2A61-494F-B209-EDF880328136}.Release|x86.Build.0 = Release|Win32
	EndGlobalSection
	GlobalSection(SolutionProperties) = preSolution
		HideSolutionNode = FALSE
	EndGlobalSection
	GlobalSection(ExtensibilityGlobals) = postSolution
		SolutionGuid = {E7D96B25-112C-47C8-8DD6-0F4EF8CD088D}
	EndGlobalSection
EndGlobal
