
Microsoft Visual Studio Solution File, Format Version 12.00
# Visual Studio Version 16
VisualStudioVersion = 16.0.31624.102
MinimumVisualStudioVersion = 10.0.40219.1
Project("{8BC9CEB8-8B4A-11D0-8D11-00A0C91BC942}") = "Task2", "Task2.vcxproj", "{C57ECD3A-8E8C-458C-9898-3E8E35E9B126}"
EndProject
Global
	GlobalSection(SolutionConfigurationPlatforms) = preSolution
		Debug|x64 = Debug|x64
		Debug|x86 = Debug|x86
		Release|x64 = Release|x64
		Release|x86 = Release|x86
	EndGlobalSection
	GlobalSection(ProjectConfigurationPlatforms) = postSolution
		{C57ECD3A-8E8C-458C-9898-3E8E35E9B126}.Debug|x64.ActiveCfg = Debug|x64
		{C57ECD3A-8E8C-458C-9898-3E8E35E9B126}.Debug|x64.Build.0 = Debug|x64
		{C57ECD3A-8E8C-458C-9898-3E8E35E9B126}.Debug|x86.ActiveCfg = Debug|Win32
		{C57ECD3A-8E8C-458C-9898-3E8E35E9B126}.Debug|x86.Build.0 = Debug|Win32
		{C57ECD3A-8E8C-458C-9898-3E8E35E9B126}.Release|x64.ActiveCfg = Release|x64
		{C57ECD3A-8E8C-458C-9898-3E8E35E9B126}.Release|x64.Build.0 = Release|x64
		{C57ECD3A-8E8C-458C-9898-3E8E35E9B126}.Release|x86.ActiveCfg = Release|Win32
		{C57ECD3A-8E8C-458C-9898-3E8E35E9B126}.Release|x86.Build.0 = Release|Win32
	EndGlobalSection
	GlobalSection(SolutionProperties) = preSolution
		HideSolutionNode = FALSE
	EndGlobalSection
	GlobalSection(ExtensibilityGlobals) = postSolution
		SolutionGuid = {7BB24F33-1CF6-42C7-91EB-080809D489C0}
	EndGlobalSection
EndGlobal
