
Microsoft Visual Studio Solution File, Format Version 12.00
# Visual Studio Version 16
VisualStudioVersion = 16.0.31624.102
MinimumVisualStudioVersion = 10.0.40219.1
Project("{8BC9CEB8-8B4A-11D0-8D11-00A0C91BC942}") = "SamRab.3", "SamRab.3.vcxproj", "{66C254D3-ED48-4ACD-825C-626B4F75127B}"
EndProject
Global
	GlobalSection(SolutionConfigurationPlatforms) = preSolution
		Debug|x64 = Debug|x64
		Debug|x86 = Debug|x86
		Release|x64 = Release|x64
		Release|x86 = Release|x86
	EndGlobalSection
	GlobalSection(ProjectConfigurationPlatforms) = postSolution
		{66C254D3-ED48-4ACD-825C-626B4F75127B}.Debug|x64.ActiveCfg = Debug|x64
		{66C254D3-ED48-4ACD-825C-626B4F75127B}.Debug|x64.Build.0 = Debug|x64
		{66C254D3-ED48-4ACD-825C-626B4F75127B}.Debug|x86.ActiveCfg = Debug|Win32
		{66C254D3-ED48-4ACD-825C-626B4F75127B}.Debug|x86.Build.0 = Debug|Win32
		{66C254D3-ED48-4ACD-825C-626B4F75127B}.Release|x64.ActiveCfg = Release|x64
		{66C254D3-ED48-4ACD-825C-626B4F75127B}.Release|x64.Build.0 = Release|x64
		{66C254D3-ED48-4ACD-825C-626B4F75127B}.Release|x86.ActiveCfg = Release|Win32
		{66C254D3-ED48-4ACD-825C-626B4F75127B}.Release|x86.Build.0 = Release|Win32
	EndGlobalSection
	GlobalSection(SolutionProperties) = preSolution
		HideSolutionNode = FALSE
	EndGlobalSection
	GlobalSection(ExtensibilityGlobals) = postSolution
		SolutionGuid = {6714A292-AA4D-4865-AF6E-908B8CC973F7}
	EndGlobalSection
EndGlobal
