
Microsoft Visual Studio Solution File, Format Version 12.00
# Visual Studio Version 16
VisualStudioVersion = 16.0.31624.102
MinimumVisualStudioVersion = 10.0.40219.1
Project("{8BC9CEB8-8B4A-11D0-8D11-00A0C91BC942}") = "ср1_2", "ср1_2.vcxproj", "{85872880-7687-4B78-B6C2-5FCEC344889E}"
EndProject
Global
	GlobalSection(SolutionConfigurationPlatforms) = preSolution
		Debug|x64 = Debug|x64
		Debug|x86 = Debug|x86
		Release|x64 = Release|x64
		Release|x86 = Release|x86
	EndGlobalSection
	GlobalSection(ProjectConfigurationPlatforms) = postSolution
		{85872880-7687-4B78-B6C2-5FCEC344889E}.Debug|x64.ActiveCfg = Debug|x64
		{85872880-7687-4B78-B6C2-5FCEC344889E}.Debug|x64.Build.0 = Debug|x64
		{85872880-7687-4B78-B6C2-5FCEC344889E}.Debug|x86.ActiveCfg = Debug|Win32
		{85872880-7687-4B78-B6C2-5FCEC344889E}.Debug|x86.Build.0 = Debug|Win32
		{85872880-7687-4B78-B6C2-5FCEC344889E}.Release|x64.ActiveCfg = Release|x64
		{85872880-7687-4B78-B6C2-5FCEC344889E}.Release|x64.Build.0 = Release|x64
		{85872880-7687-4B78-B6C2-5FCEC344889E}.Release|x86.ActiveCfg = Release|Win32
		{85872880-7687-4B78-B6C2-5FCEC344889E}.Release|x86.Build.0 = Release|Win32
	EndGlobalSection
	GlobalSection(SolutionProperties) = preSolution
		HideSolutionNode = FALSE
	EndGlobalSection
	GlobalSection(ExtensibilityGlobals) = postSolution
		SolutionGuid = {5A1C0A4C-8199-489B-A798-C7A551E759C5}
	EndGlobalSection
EndGlobal
