
Microsoft Visual Studio Solution File, Format Version 12.00
# Visual Studio Version 16
VisualStudioVersion = 16.0.29609.76
MinimumVisualStudioVersion = 10.0.40219.1
Project("{8BC9CEB8-8B4A-11D0-8D11-00A0C91BC942}") = "ТРПО Сам.2", "ТРПО Сам.2\ТРПО Сам.2.vcxproj", "{152F9947-5701-4A51-99CF-68CB032ADD64}"
EndProject
Global
	GlobalSection(SolutionConfigurationPlatforms) = preSolution
		Debug|x64 = Debug|x64
		Debug|x86 = Debug|x86
		Release|x64 = Release|x64
		Release|x86 = Release|x86
	EndGlobalSection
	GlobalSection(ProjectConfigurationPlatforms) = postSolution
		{152F9947-5701-4A51-99CF-68CB032ADD64}.Debug|x64.ActiveCfg = Debug|x64
		{152F9947-5701-4A51-99CF-68CB032ADD64}.Debug|x64.Build.0 = Debug|x64
		{152F9947-5701-4A51-99CF-68CB032ADD64}.Debug|x86.ActiveCfg = Debug|Win32
		{152F9947-5701-4A51-99CF-68CB032ADD64}.Debug|x86.Build.0 = Debug|Win32
		{152F9947-5701-4A51-99CF-68CB032ADD64}.Release|x64.ActiveCfg = Release|x64
		{152F9947-5701-4A51-99CF-68CB032ADD64}.Release|x64.Build.0 = Release|x64
		{152F9947-5701-4A51-99CF-68CB032ADD64}.Release|x86.ActiveCfg = Release|Win32
		{152F9947-5701-4A51-99CF-68CB032ADD64}.Release|x86.Build.0 = Release|Win32
	EndGlobalSection
	GlobalSection(SolutionProperties) = preSolution
		HideSolutionNode = FALSE
	EndGlobalSection
	GlobalSection(ExtensibilityGlobals) = postSolution
		SolutionGuid = {475E6B10-5814-4610-8C90-AD982093E522}
	EndGlobalSection
EndGlobal
